schema: '2.0'
stages:
  clean@0:
    cmd:
    - python scripts/clean.py "poleval2019_cyberbullying" "LemmatizerSM"
    deps:
    - path: data/poleval2019_cyberbullying/raw
      hash: md5
      md5: d47dffb87ec5f718278bd5a1aa0452ff.dir
      size: 4220
      nfiles: 2
    - path: scripts/clean.py
      hash: md5
      md5: aa0f1dfeb359476bdb9c1dd9cf318168
      size: 840
    - path: stages/datacleaners/DataCleaner.py
      hash: md5
      md5: cf611213e684a2d5da341d185fddb4cf
      size: 2087
    - path: stages/datacleaners/LemmatizerSM.py
      hash: md5
      md5: 704587ed6d94a3fe3e18b6bbc21c6a6c
      size: 1059
    outs:
    - path: data/poleval2019_cyberbullying/LemmatizerSM
      hash: md5
      md5: 56a97cffc49b8edd5f7197b5245caff2.dir
      size: 8600
      nfiles: 2
  vectorize@0:
    cmd: python scripts/vectorize.py "poleval2019_cyberbullying" "LemmatizerSM" "CountVectorizer"
    deps:
    - path: data/poleval2019_cyberbullying/LemmatizerSM
      hash: md5
      md5: 56a97cffc49b8edd5f7197b5245caff2.dir
      size: 8600
      nfiles: 2
    - path: scripts/vectorize.py
      hash: md5
      md5: 313deb9b0c0dc175f52248c04ddc2330
      size: 798
    - path: stages/vectorizers/CountVectorizer.py
      hash: md5
      md5: ea629607f674858f4d45b0976837012a
      size: 1293
    - path: stages/vectorizers/Vectorizer.py
      hash: md5
      md5: 075c0ab201ac8d3e51f57c07bab1fe4e
      size: 2361
    outs:
    - path: data/poleval2019_cyberbullying/LemmatizerSM_CountVectorizer
      hash: md5
      md5: a563e48e3da21b3efadd8db6231d502d.dir
      size: 6080
      nfiles: 2
  evaluate@0:
    cmd: python scripts/evaluate.py "poleval2019_cyberbullying" "LemmatizerSM" "CountVectorizer"
      "SVC"
    deps:
    - path: data/poleval2019_cyberbullying/LemmatizerSM_CountVectorizer
      hash: md5
      md5: a563e48e3da21b3efadd8db6231d502d.dir
      size: 6080
      nfiles: 2
    - path: scripts/evaluate.py
      hash: md5
      md5: 1ff1e58548b61ed8c5b3057aff66ad6a
      size: 811
    - path: stages/models/Model.py
      hash: md5
      md5: 857cb8cf388b8e93074eb40e10aec566
      size: 2314
    - path: stages/models/SVC.py
      hash: md5
      md5: 4c80fd4ff92bd288d34cedba8515b90b
      size: 1290
